
Microsoft Visual Studio Solution File, Format Version 12.00
# Visual Studio Version 17
VisualStudioVersion = 17.10.35122.118
MinimumVisualStudioVersion = 10.0.40219.1
Project("{FAE04EC0-301F-11D3-BF4B-00C04F79EFBC}") = "BFF", "BFF\BFF.csproj", "{13C20C4F-2835-4AEC-81F6-F0F379CA964A}"
EndProject
Global
	GlobalSection(SolutionConfigurationPlatforms) = preSolution
		Debug|Any CPU = Debug|Any CPU
		Release|Any CPU = Release|Any CPU
	EndGlobalSection
	GlobalSection(ProjectConfigurationPlatforms) = postSolution
		{13C20C4F-2835-4AEC-81F6-F0F379CA964A}.Debug|Any CPU.ActiveCfg = Debug|Any CPU
		{13C20C4F-2835-4AEC-81F6-F0F379CA964A}.Debug|Any CPU.Build.0 = Debug|Any CPU
		{13C20C4F-2835-4AEC-81F6-F0F379CA964A}.Release|Any CPU.ActiveCfg = Release|Any CPU
		{13C20C4F-2835-4AEC-81F6-F0F379CA964A}.Release|Any CPU.Build.0 = Release|Any CPU
	EndGlobalSection
	GlobalSection(SolutionProperties) = preSolution
		HideSolutionNode = FALSE
	EndGlobalSection
	GlobalSection(ExtensibilityGlobals) = postSolution
		SolutionGuid = {26568883-29C2-49BF-BEF4-D53D2CEEB5AD}
	EndGlobalSection
EndGlobal
